
Microsoft Visual Studio Solution File, Format Version 12.00
# Visual Studio Version 17
VisualStudioVersion = 17.13.35818.85 d17.13
MinimumVisualStudioVersion = 10.0.40219.1
Project("{54A90642-561A-4BB1-A94E-469ADEE60C69}") = "creasiaattendance.client", "creasiaattendance.client\creasiaattendance.client.esproj", "{F44F1A8C-C1C2-116F-4046-C7856C253A9D}"
EndProject
Project("{FAE04EC0-301F-11D3-BF4B-00C04F79EFBC}") = "CreasiaAttendance.Server", "CreasiaAttendance.Server\CreasiaAttendance.Server.csproj", "{71C3D311-0524-4C63-9CB7-470CD71F7875}"
EndProject
Global
	GlobalSection(SolutionConfigurationPlatforms) = preSolution
		Debug|Any CPU = Debug|Any CPU
		Release|Any CPU = Release|Any CPU
	EndGlobalSection
	GlobalSection(ProjectConfigurationPlatforms) = postSolution
		{F44F1A8C-C1C2-116F-4046-C7856C253A9D}.Debug|Any CPU.ActiveCfg = Debug|Any CPU
		{F44F1A8C-C1C2-116F-4046-C7856C253A9D}.Debug|Any CPU.Build.0 = Debug|Any CPU
		{F44F1A8C-C1C2-116F-4046-C7856C253A9D}.Debug|Any CPU.Deploy.0 = Debug|Any CPU
		{F44F1A8C-C1C2-116F-4046-C7856C253A9D}.Release|Any CPU.ActiveCfg = Release|Any CPU
		{F44F1A8C-C1C2-116F-4046-C7856C253A9D}.Release|Any CPU.Build.0 = Release|Any CPU
		{F44F1A8C-C1C2-116F-4046-C7856C253A9D}.Release|Any CPU.Deploy.0 = Release|Any CPU
		{71C3D311-0524-4C63-9CB7-470CD71F7875}.Debug|Any CPU.ActiveCfg = Debug|Any CPU
		{71C3D311-0524-4C63-9CB7-470CD71F7875}.Debug|Any CPU.Build.0 = Debug|Any CPU
		{71C3D311-0524-4C63-9CB7-470CD71F7875}.Release|Any CPU.ActiveCfg = Release|Any CPU
		{71C3D311-0524-4C63-9CB7-470CD71F7875}.Release|Any CPU.Build.0 = Release|Any CPU
	EndGlobalSection
	GlobalSection(SolutionProperties) = preSolution
		HideSolutionNode = FALSE
	EndGlobalSection
	GlobalSection(ExtensibilityGlobals) = postSolution
		SolutionGuid = {C942DC53-89D7-4746-8E32-F2663A53E67A}
	EndGlobalSection
EndGlobal
